PODS:
  - SDWebImage/Core (4.4.1)
  - SDWebImagePhotosPlugin (0.1.0):
    - SDWebImage/Core

DEPENDENCIES:
  - SDWebImage/Core (from `https://github.com/rs/SDWebImage.git`, branch `5.x`)
  - SDWebImagePhotosPlugin (from `../`)

EXTERNAL SOURCES:
  SDWebImage:
    :branch: 5.x
    :git: https://github.com/rs/SDWebImage.git
  SDWebImagePhotosPlugin:
    :path: "../"

CHECKOUT OPTIONS:
  SDWebImage:
    :commit: 24861d29829c58275fb0a2513c58fcb785408d18
    :git: https://github.com/rs/SDWebImage.git

SPEC CHECKSUMS:
  SDWebImage: 2fd243f0dff71c0e55ef380e9ce81a0e0979b11e
  SDWebImagePhotosPlugin: 7aa108afd5bca1dc5ca072cdf125f064e8b7a615

PODFILE CHECKSUM: d6e3b38d111de48b8dba146e3e0c639bdee0aa3a

COCOAPODS: 1.5.0
