{
  "object": {
    "pins": [
      {
        "package": "SDWebImage",
        "repositoryURL": "https://github.com/SDWebImage/SDWebImage.git",
        "state": {
          "branch": "master",
          "revision": "09f06159a3284f6981d5495728e5c3cb3dfb82fa",
          "version": null
        }
      }
    ]
  },
  "version": 1
}
